<Solution>
  <Project Path="ScheduleManagement.Api/ScheduleManagement.Api.csproj" />
  <Project Path="TrainReservationSystem.Tests/TrainReservationSystem.Tests.csproj" />
  <Project Path="TrainReservationSystem/TrainReservationSystem.csproj" />
  <Project Path="BookingManagement.Api/BookingManagement.Api.csproj" />
</Solution>
